{
  "name": "beetlejuice-agentic-finops",
  "version": "0.0.1",
  "lockfileVersion": 3,
  "requires": true,
  "packages": {
    "": {
      "name": "beetlejuice-agentic-finops",
      "version": "0.0.1",
      "workspaces": [
        "packages/*",
        "apps/*"
      ],
      "engines": {
        "node": ">=22"
      }
    }
  }
}
