{
  "name": "beetlejuice-agentic-finops",
  "version": "0.0.1",
  "lockfileVersion": 3,
  "requires": true,
  "packages": {
    "": {
      "name": "beetlejuice-agentic-finops",
      "version": "0.0.1",
      "workspaces": [
        "packages/*",
        "apps/*"
      ],
      "engines": {
        "node": ">=22"
      }
    },
    "apps/cli": {
      "name": "@beetlejuice/product-cli",
      "version": "0.3.0",
      "engines": {
        "node": ">=22"
      }
    },
    "node_modules/@beetlejuice/core": {
      "resolved": "packages/core",
      "link": true
    },
    "node_modules/@beetlejuice/github": {
      "resolved": "packages/github",
      "link": true
    },
    "node_modules/@beetlejuice/privacy": {
      "resolved": "packages/privacy",
      "link": true
    },
    "node_modules/@beetlejuice/product-cli": {
      "resolved": "apps/cli",
      "link": true
    },
    "packages/core": {
      "name": "@beetlejuice/core",
      "version": "0.2.0",
      "engines": {
        "node": ">=22"
      }
    },
    "packages/github": {
      "name": "@beetlejuice/github",
      "version": "0.3.0",
      "engines": {
        "node": ">=22"
      }
    },
    "packages/privacy": {
      "name": "@beetlejuice/privacy",
      "version": "0.2.0",
      "engines": {
        "node": ">=22"
      }
    }
  }
}
